
Microsoft Visual Studio Solution File, Format Version 12.00
# Visual Studio 14
VisualStudioVersion = 14.0.25420.1
MinimumVisualStudioVersion = 10.0.40219.1
Project("{FAE04EC0-301F-11D3-BF4B-00C04F79EFBC}") = "EquitiesIntegration", "EquitiesIntegration\EquitiesIntegration.csproj", "{96377BCD-1A8F-48B1-8979-AF9307342A89}"
EndProject
Project("{FAE04EC0-301F-11D3-BF4B-00C04F79EFBC}") = "EquitiesIntegration.Test", "EquitiesIntegration.Test\EquitiesIntegration.Test.csproj", "{2DD96C53-B5CB-4672-BADD-612B6A982A0A}"
EndProject
Project("{2150E333-8FDC-42A3-9474-1A3956D46DE8}") = "Solution Items", "Solution Items", "{3925C0EB-002F-49E8-8C20-39AEDCC32F46}"
	ProjectSection(SolutionItems) = preProject
		Equities Integration.readme.docx = Equities Integration.readme.docx
	EndProjectSection
EndProject
Global
	GlobalSection(SolutionConfigurationPlatforms) = preSolution
		Debug|Any CPU = Debug|Any CPU
		Release|Any CPU = Release|Any CPU
	EndGlobalSection
	GlobalSection(ProjectConfigurationPlatforms) = postSolution
		{96377BCD-1A8F-48B1-8979-AF9307342A89}.Debug|Any CPU.ActiveCfg = Debug|Any CPU
		{96377BCD-1A8F-48B1-8979-AF9307342A89}.Debug|Any CPU.Build.0 = Debug|Any CPU
		{96377BCD-1A8F-48B1-8979-AF9307342A89}.Release|Any CPU.ActiveCfg = Release|Any CPU
		{96377BCD-1A8F-48B1-8979-AF9307342A89}.Release|Any CPU.Build.0 = Release|Any CPU
		{2DD96C53-B5CB-4672-BADD-612B6A982A0A}.Debug|Any CPU.ActiveCfg = Debug|Any CPU
		{2DD96C53-B5CB-4672-BADD-612B6A982A0A}.Debug|Any CPU.Build.0 = Debug|Any CPU
		{2DD96C53-B5CB-4672-BADD-612B6A982A0A}.Release|Any CPU.ActiveCfg = Release|Any CPU
		{2DD96C53-B5CB-4672-BADD-612B6A982A0A}.Release|Any CPU.Build.0 = Release|Any CPU
	EndGlobalSection
	GlobalSection(SolutionProperties) = preSolution
		HideSolutionNode = FALSE
	EndGlobalSection
EndGlobal
